
Microsoft Visual Studio Solution File, Format Version 11.00
# Visual Studio 2010
Project("{FAE04EC0-301F-11D3-BF4B-00C04F79EFBC}") = "Assembly-CSharp", "Assembly-CSharp.csproj", "{EB7D42FD-388A-E0F7-1CF4-AFDBA0B738B1}"
EndProject
Project("{FAE04EC0-301F-11D3-BF4B-00C04F79EFBC}") = "VuforiaScripts", "VuforiaScripts.csproj", "{30AF878E-F872-01C0-F254-5A8EA9405718}"
EndProject
Project("{FAE04EC0-301F-11D3-BF4B-00C04F79EFBC}") = "VuforiaEditorScripts", "VuforiaEditorScripts.csproj", "{6D8508C8-826D-273A-041D-E170EC6BC5FE}"
EndProject
Project("{FAE04EC0-301F-11D3-BF4B-00C04F79EFBC}") = "Assembly-CSharp-Editor", "Assembly-CSharp-Editor.csproj", "{A6C38A20-8990-67D3-10DD-516681A1E63A}"
EndProject
Global
	GlobalSection(SolutionConfigurationPlatforms) = preSolution
		Debug|Any CPU = Debug|Any CPU
		Release|Any CPU = Release|Any CPU
	EndGlobalSection
	GlobalSection(ProjectConfigurationPlatforms) = postSolution
		{EB7D42FD-388A-E0F7-1CF4-AFDBA0B738B1}.Debug|Any CPU.ActiveCfg = Debug|Any CPU
		{EB7D42FD-388A-E0F7-1CF4-AFDBA0B738B1}.Debug|Any CPU.Build.0 = Debug|Any CPU
		{EB7D42FD-388A-E0F7-1CF4-AFDBA0B738B1}.Release|Any CPU.ActiveCfg = Release|Any CPU
		{EB7D42FD-388A-E0F7-1CF4-AFDBA0B738B1}.Release|Any CPU.Build.0 = Release|Any CPU
		{30AF878E-F872-01C0-F254-5A8EA9405718}.Debug|Any CPU.ActiveCfg = Debug|Any CPU
		{30AF878E-F872-01C0-F254-5A8EA9405718}.Debug|Any CPU.Build.0 = Debug|Any CPU
		{30AF878E-F872-01C0-F254-5A8EA9405718}.Release|Any CPU.ActiveCfg = Release|Any CPU
		{30AF878E-F872-01C0-F254-5A8EA9405718}.Release|Any CPU.Build.0 = Release|Any CPU
		{6D8508C8-826D-273A-041D-E170EC6BC5FE}.Debug|Any CPU.ActiveCfg = Debug|Any CPU
		{6D8508C8-826D-273A-041D-E170EC6BC5FE}.Debug|Any CPU.Build.0 = Debug|Any CPU
		{6D8508C8-826D-273A-041D-E170EC6BC5FE}.Release|Any CPU.ActiveCfg = Release|Any CPU
		{6D8508C8-826D-273A-041D-E170EC6BC5FE}.Release|Any CPU.Build.0 = Release|Any CPU
		{A6C38A20-8990-67D3-10DD-516681A1E63A}.Debug|Any CPU.ActiveCfg = Debug|Any CPU
		{A6C38A20-8990-67D3-10DD-516681A1E63A}.Debug|Any CPU.Build.0 = Debug|Any CPU
		{A6C38A20-8990-67D3-10DD-516681A1E63A}.Release|Any CPU.ActiveCfg = Release|Any CPU
		{A6C38A20-8990-67D3-10DD-516681A1E63A}.Release|Any CPU.Build.0 = Release|Any CPU
	EndGlobalSection
	GlobalSection(SolutionProperties) = preSolution
		HideSolutionNode = FALSE
	EndGlobalSection
	GlobalSection(MonoDevelopProperties) = preSolution
		StartupItem = Assembly-CSharp.csproj
	EndGlobalSection
EndGlobal
